<?xml version="1.0" encoding="utf-8"?>
<Project ToolsVersion="4.0" xmlns="http://schemas.microsoft.com/developer/msbuild/2003">
  <ItemGroup>
    <Filter Include="Source Files">
      <UniqueIdentifier>{97df6053-c887-4266-87d0-9f1edf341144}</UniqueIdentifier>
      <Extensions>cpp;c;cxx;rc;def;r;odl;idl;hpj;bat</Extensions>
    </Filter>
    <Filter Include="Header Files">
      <UniqueIdentifier>{154d576a-a384-4772-a234-c5f1429570f0}</UniqueIdentifier>
      <Extensions>h;hpp;hxx;hm;inl</Extensions>
    </Filter>
    <Filter Include="Resource Files">
      <UniqueIdentifier>{8a795531-488d-4edb-8f31-d97d39331372}</UniqueIdentifier>
      <Extensions>ico;cur;bmp;dlg;rc2;rct;bin;rgs;gif;jpg;jpeg;jpe</Extensions>
    </Filter>
    <Filter Include="Resource Files\Bitmap">
      <UniqueIdentifier>{8eb12128-19e1-40db-a9b9-30b2a7b27103}</UniqueIdentifier>
    </Filter>
    <Filter Include="Resource Files\Wave">
      <UniqueIdentifier>{2fecc35b-2aa7-493e-a83b-72537f46e1fb}</UniqueIdentifier>
    </Filter>
    <Filter Include="Resource Files\Metro">
      <UniqueIdentifier>{03064f7c-ca8d-4d7c-8fb8-cd59b035270e}</UniqueIdentifier>
    </Filter>
  </ItemGroup>
  <ItemGroup>
    <ClCompile Include="Click.cpp">
      <Filter>Source Files</Filter>
    </ClCompile>
    <ClCompile Include="DlgEdit.cpp">
      <Filter>Source Files</Filter>
    </ClCompile>
    <ClCompile Include="DlgEZCopy.cpp">
      <Filter>Source Files</Filter>
    </ClCompile>
    <ClCompile Include="DlgPlayer.cpp">
      <Filter>Source Files</Filter>
    </ClCompile>
    <ClCompile Include="DlgSet.cpp">
      <Filter>Source Files</Filter>
    </ClCompile>
    <ClCompile Include="DlgTrack.cpp">
      <Filter>Source Files</Filter>
    </ClCompile>
    <ClCompile Include="Filer.cpp">
      <Filter>Source Files</Filter>
    </ClCompile>
    <ClCompile Include="Gdi.cpp">
      <Filter>Source Files</Filter>
    </ClCompile>
    <ClCompile Include="MainPut.cpp">
      <Filter>Source Files</Filter>
    </ClCompile>
    <ClCompile Include="Mouse.cpp">
      <Filter>Source Files</Filter>
    </ClCompile>
    <ClCompile Include="OrgData.cpp">
      <Filter>Source Files</Filter>
    </ClCompile>
    <ClCompile Include="OrgEdit.cpp">
      <Filter>Source Files</Filter>
    </ClCompile>
    <ClCompile Include="OrgFile.cpp">
      <Filter>Source Files</Filter>
    </ClCompile>
    <ClCompile Include="OrgFileMIDI.cpp">
      <Filter>Source Files</Filter>
    </ClCompile>
    <ClCompile Include="OrgPlay.cpp">
      <Filter>Source Files</Filter>
    </ClCompile>
    <ClCompile Include="rxoFunction.cpp">
      <Filter>Source Files</Filter>
    </ClCompile>
    <ClCompile Include="Scroll.cpp">
      <Filter>Source Files</Filter>
    </ClCompile>
    <ClCompile Include="Sound.cpp">
      <Filter>Source Files</Filter>
    </ClCompile>
    <ClCompile Include="WinMain.cpp">
      <Filter>Source Files</Filter>
    </ClCompile>
    <ClCompile Include="WinTimer.cpp">
      <Filter>Source Files</Filter>
    </ClCompile>
    <ClCompile Include="TrackFlag.cpp">
      <Filter>Source Files</Filter>
    </ClCompile>
  </ItemGroup>
  <ItemGroup>
    <ResourceCompile Include="Script1.rc">
      <Filter>Source Files</Filter>
    </ResourceCompile>
  </ItemGroup>
  <ItemGroup>
    <ClInclude Include="Click.h">
      <Filter>Header Files</Filter>
    </ClInclude>
    <ClInclude Include="DefOrg.h">
      <Filter>Header Files</Filter>
    </ClInclude>
    <ClInclude Include="Filer.h">
      <Filter>Header Files</Filter>
    </ClInclude>
    <ClInclude Include="Gdi.h">
      <Filter>Header Files</Filter>
    </ClInclude>
    <ClInclude Include="Mouse.h">
      <Filter>Header Files</Filter>
    </ClInclude>
    <ClInclude Include="OrgData.h">
      <Filter>Header Files</Filter>
    </ClInclude>
    <ClInclude Include="resource.h">
      <Filter>Header Files</Filter>
    </ClInclude>
    <ClInclude Include="rxoFunction.h">
      <Filter>Header Files</Filter>
    </ClInclude>
    <ClInclude Include="Scroll.h">
      <Filter>Header Files</Filter>
    </ClInclude>
    <ClInclude Include="Setting.h">
      <Filter>Header Files</Filter>
    </ClInclude>
    <ClInclude Include="Sound.h">
      <Filter>Header Files</Filter>
    </ClInclude>
    <ClInclude Include="Timer.h">
      <Filter>Header Files</Filter>
    </ClInclude>
    <ClInclude Include="miniaudio.h">
      <Filter>Header Files</Filter>
    </ClInclude>
    <ClInclude Include="TrackFlag.h">
      <Filter>Header Files</Filter>
    </ClInclude>
    <ClInclude Include="WinMain.h">
      <Filter>Header Files</Filter>
    </ClInclude>
  </ItemGroup>
  <ItemGroup>
    <Image Include="Bitmap\button_track_1.bmp">
      <Filter>Resource Files\Bitmap</Filter>
    </Image>
    <Image Include="Bitmap\button_track_2.bmp">
      <Filter>Resource Files\Bitmap</Filter>
    </Image>
    <Image Include="Bitmap\button_track_3.bmp">
      <Filter>Resource Files\Bitmap</Filter>
    </Image>
    <Image Include="Bitmap\button_track_4.bmp">
      <Filter>Resource Files\Bitmap</Filter>
    </Image>
    <Image Include="Bitmap\ffff.ico">
      <Filter>Resource Files\Bitmap</Filter>
    </Image>
    <Image Include="Bitmap\Head.bmp">
      <Filter>Resource Files\Bitmap</Filter>
    </Image>
    <Image Include="Bitmap\icon1.ico">
      <Filter>Resource Files\Bitmap</Filter>
    </Image>
    <Image Include="Bitmap\Left.bmp">
      <Filter>Resource Files\Bitmap</Filter>
    </Image>
    <Image Include="Bitmap\Loupe_MINUS.bmp">
      <Filter>Resource Files\Bitmap</Filter>
    </Image>
    <Image Include="Bitmap\Loupe_PLUS.bmp">
      <Filter>Resource Files\Bitmap</Filter>
    </Image>
    <Image Include="Bitmap\Music.bmp">
      <Filter>Resource Files\Bitmap</Filter>
    </Image>
    <Image Include="Bitmap\Note.bmp">
      <Filter>Resource Files\Bitmap</Filter>
    </Image>
    <Image Include="Bitmap\Number.bmp">
      <Filter>Resource Files\Bitmap</Filter>
    </Image>
    <Image Include="Bitmap\org_back.bmp">
      <Filter>Resource Files\Bitmap</Filter>
    </Image>
    <Image Include="Bitmap\org_home.bmp">
      <Filter>Resource Files\Bitmap</Filter>
    </Image>
    <Image Include="Bitmap\org_next.bmp">
      <Filter>Resource Files\Bitmap</Filter>
    </Image>
    <Image Include="Bitmap\org_play.bmp">
      <Filter>Resource Files\Bitmap</Filter>
    </Image>
    <Image Include="Bitmap\org_stop.bmp">
      <Filter>Resource Files\Bitmap</Filter>
    </Image>
    <Image Include="Bitmap\Pan.bmp">
      <Filter>Resource Files\Bitmap</Filter>
    </Image>
    <Image Include="Bitmap\Play.bmp">
      <Filter>Resource Files\Bitmap</Filter>
    </Image>
    <Image Include="Bitmap\Right.bmp">
      <Filter>Resource Files\Bitmap</Filter>
    </Image>
    <Image Include="Bitmap\Solo.bmp">
      <Filter>Resource Files\Bitmap</Filter>
    </Image>
    <Image Include="Bitmap\Stop.bmp">
      <Filter>Resource Files\Bitmap</Filter>
    </Image>
    <Image Include="Bitmap\wave100.bmp">
      <Filter>Resource Files\Bitmap</Filter>
    </Image>
    <Image Include="Bitmap\org_end.bmp">
      <Filter>Resource Files</Filter>
    </Image>
    <Image Include="Bitmap\org_next_step.bmp">
      <Filter>Resource Files</Filter>
    </Image>
    <Image Include="Bitmap\org_back_step.bmp">
      <Filter>Resource Files</Filter>
    </Image>
    <Image Include="Bitmap\button_track_5.bmp">
      <Filter>Resource Files</Filter>
    </Image>
    <Image Include="Bitmap\button_track_6.bmp">
      <Filter>Resource Files</Filter>
    </Image>
    <Image Include="Bitmap\button_track_7.bmp">
      <Filter>Resource Files</Filter>
    </Image>
    <Image Include="Bitmap\button_track_8.bmp">
      <Filter>Resource Files</Filter>
    </Image>
    <Image Include="Bitmap\button_track_9.bmp">
      <Filter>Resource Files</Filter>
    </Image>
    <Image Include="Bitmap\button_track_10.bmp">
      <Filter>Resource Files</Filter>
    </Image>
    <Image Include="Bitmap\button_track_11.bmp">
      <Filter>Resource Files</Filter>
    </Image>
    <Image Include="Bitmap\button_track_12.bmp">
      <Filter>Resource Files</Filter>
    </Image>
    <Image Include="Bitmap\button_track_13.bmp">
      <Filter>Resource Files</Filter>
    </Image>
    <Image Include="Bitmap\button_track_14.bmp">
      <Filter>Resource Files</Filter>
    </Image>
    <Image Include="Bitmap\button_track_15.bmp">
      <Filter>Resource Files</Filter>
    </Image>
    <Image Include="Bitmap\button_track_16.bmp">
      <Filter>Resource Files</Filter>
    </Image>
    <Image Include="Bitmap\button_track_E.bmp">
      <Filter>Resource Files</Filter>
    </Image>
    <Image Include="Bitmap\button_track_I.bmp">
      <Filter>Resource Files</Filter>
    </Image>
    <Image Include="Bitmap\button_track_Q.bmp">
      <Filter>Resource Files</Filter>
    </Image>
    <Image Include="Bitmap\button_track_R.bmp">
      <Filter>Resource Files</Filter>
    </Image>
    <Image Include="Bitmap\button_track_T.bmp">
      <Filter>Resource Files</Filter>
    </Image>
    <Image Include="Bitmap\button_track_U.bmp">
      <Filter>Resource Files</Filter>
    </Image>
    <Image Include="Bitmap\button_track_W.bmp">
      <Filter>Resource Files</Filter>
    </Image>
    <Image Include="Bitmap\button_track_Y.bmp">
      <Filter>Resource Files</Filter>
    </Image>
    <Image Include="Bitmap\Note_old.bmp">
      <Filter>Resource Files\Bitmap</Filter>
    </Image>
  </ItemGroup>
  <ItemGroup>
    <Media Include="Wave\Per03.wav">
      <Filter>Resource Files\Wave</Filter>
    </Media>
    <Media Include="Wave\Snare09.wav">
      <Filter>Resource Files\Wave</Filter>
    </Media>
    <Media Include="Wave\Snare10.wav">
      <Filter>Resource Files\Wave</Filter>
    </Media>
    <Media Include="Wave\Tom06.wav">
      <Filter>Resource Files\Wave</Filter>
    </Media>
    <Media Include="Wave\Bass09.wav">
      <Filter>Resource Files\Wave</Filter>
    </Media>
    <Media Include="Wave\Bass10.wav">
      <Filter>Resource Files\Wave</Filter>
    </Media>
    <Media Include="Wave\Bass11.wav">
      <Filter>Resource Files\Wave</Filter>
    </Media>
    <Media Include="Wave\Clap02.wav">
      <Filter>Resource Files\Wave</Filter>
    </Media>
    <Media Include="Wave\Crash03.wav">
      <Filter>Resource Files\Wave</Filter>
    </Media>
    <Media Include="Wave\HiClose06.wav">
      <Filter>Resource Files\Wave</Filter>
    </Media>
    <Media Include="Wave\HiClose07.wav">
      <Filter>Resource Files\Wave</Filter>
    </Media>
    <Media Include="Wave\HiClose08.wav">
      <Filter>Resource Files\Wave</Filter>
    </Media>
    <Media Include="Wave\HiOpen05.wav">
      <Filter>Resource Files\Wave</Filter>
    </Media>
    <Media Include="Metro\Metro01.wav">
      <Filter>Resource Files\Metro</Filter>
    </Media>
    <Media Include="Metro\Metro02.wav">
      <Filter>Resource Files\Metro</Filter>
    </Media>
  </ItemGroup>
  <ItemGroup>
    <Text Include="help.txt" />
  </ItemGroup>
  <ItemGroup>
    <CustomBuild Include="Bitmap\cursor.cur">
      <Filter>Resource Files\Bitmap</Filter>
    </CustomBuild>
    <CustomBuild Include="Bitmap\cursor1.cur">
      <Filter>Resource Files\Bitmap</Filter>
    </CustomBuild>
    <CustomBuild Include="Wave\Wave.dat">
      <Filter>Resource Files\Wave</Filter>
    </CustomBuild>
  </ItemGroup>
  <ItemGroup>
    <None Include="..\LICENSE">
      <Filter>Resource Files</Filter>
    </None>
  </ItemGroup>
</Project>